
Microsoft Visual Studio Solution File, Format Version 12.00
# Visual Studio Version 16
VisualStudioVersion = 16.0.31205.134
MinimumVisualStudioVersion = 10.0.40219.1
Project("{FAE04EC0-301F-11D3-BF4B-00C04F79EFBC}") = "OOP_Harjutus_07.10.2021", "OOP_Harjutus_07.10.2021\OOP_Harjutus_07.10.2021.csproj", "{FD97C11E-ED20-4D39-9022-4681CC9A2D0A}"
EndProject
Global
	GlobalSection(SolutionConfigurationPlatforms) = preSolution
		Debug|Any CPU = Debug|Any CPU
		Release|Any CPU = Release|Any CPU
	EndGlobalSection
	GlobalSection(ProjectConfigurationPlatforms) = postSolution
		{FD97C11E-ED20-4D39-9022-4681CC9A2D0A}.Debug|Any CPU.ActiveCfg = Debug|Any CPU
		{FD97C11E-ED20-4D39-9022-4681CC9A2D0A}.Debug|Any CPU.Build.0 = Debug|Any CPU
		{FD97C11E-ED20-4D39-9022-4681CC9A2D0A}.Release|Any CPU.ActiveCfg = Release|Any CPU
		{FD97C11E-ED20-4D39-9022-4681CC9A2D0A}.Release|Any CPU.Build.0 = Release|Any CPU
	EndGlobalSection
	GlobalSection(SolutionProperties) = preSolution
		HideSolutionNode = FALSE
	EndGlobalSection
	GlobalSection(ExtensibilityGlobals) = postSolution
		SolutionGuid = {A6329353-406F-4BB2-BFFC-2058732F99EA}
	EndGlobalSection
EndGlobal
